
Microsoft Visual Studio Solution File, Format Version 11.00
# Visual Studio 2010
Project("{FAE04EC0-301F-11D3-BF4B-00C04F79EFBC}") = "POC", "POC\POC.csproj", "{9BA2CB46-4536-4950-9B4B-6534464059DC}"
EndProject
Global
	GlobalSection(SolutionConfigurationPlatforms) = preSolution
		Debug|Any CPU = Debug|Any CPU
		Release|Any CPU = Release|Any CPU
	EndGlobalSection
	GlobalSection(ProjectConfigurationPlatforms) = postSolution
		{9BA2CB46-4536-4950-9B4B-6534464059DC}.Debug|Any CPU.ActiveCfg = Debug|Any CPU
		{9BA2CB46-4536-4950-9B4B-6534464059DC}.Debug|Any CPU.Build.0 = Debug|Any CPU
		{9BA2CB46-4536-4950-9B4B-6534464059DC}.Debug|Any CPU.Deploy.0 = Debug|Any CPU
		{9BA2CB46-4536-4950-9B4B-6534464059DC}.Release|Any CPU.ActiveCfg = Release|Any CPU
		{9BA2CB46-4536-4950-9B4B-6534464059DC}.Release|Any CPU.Build.0 = Release|Any CPU
		{9BA2CB46-4536-4950-9B4B-6534464059DC}.Release|Any CPU.Deploy.0 = Release|Any CPU
	EndGlobalSection
	GlobalSection(SolutionProperties) = preSolution
		HideSolutionNode = FALSE
	EndGlobalSection
EndGlobal
